PODS:
  - FBSnapshotTestCase (2.1.4):
    - FBSnapshotTestCase/SwiftSupport (= 2.1.4)
  - FBSnapshotTestCase/Core (2.1.4)
  - FBSnapshotTestCase/SwiftSupport (2.1.4):
    - FBSnapshotTestCase/Core
  - MovieApi (0.1.0):
    - SWXMLHash (~> 4.0.0)
  - SWXMLHash (4.0.0)

DEPENDENCIES:
  - FBSnapshotTestCase (~> 2.1.4)
  - MovieApi (from `../`)

SPEC REPOS:
  https://github.com/cocoapods/specs.git:
    - FBSnapshotTestCase
    - SWXMLHash

EXTERNAL SOURCES:
  MovieApi:
    :path: "../"

SPEC CHECKSUMS:
  FBSnapshotTestCase: 094f9f314decbabe373b87cc339bea235a63e07a
  MovieApi: 5f94b2674a82f2025f43733544663e9b80d5153c
  SWXMLHash: 6bbc0bf72975a18ceda469fb7d6a886a26d81694

PODFILE CHECKSUM: 197395b029b0dd337d675c4923868c98b47da44a

COCOAPODS: 1.5.3
